
Microsoft Visual Studio Solution File, Format Version 11.00
# Visual Studio 2010
Project("{FAE04EC0-301F-11D3-BF4B-00C04F79EFBC}") = "Origami1", "Origami1\Origami1.csproj", "{347083bc-00b3-4bdd-aeea-17e72f213ad4}"
EndProject
Global
	GlobalSection(SolutionConfigurationPlatforms) = preSolution
		Debug|Any CPU = Debug|Any CPU
		Release|Any CPU = Release|Any CPU
	EndGlobalSection
	GlobalSection(ProjectConfigurationPlatforms) = postSolution
		{347083BC-00B3-4BDD-AEEA-17E72F213AD4}.Debug|Any CPU.ActiveCfg = Debug|Any CPU
		{347083BC-00B3-4BDD-AEEA-17E72F213AD4}.Debug|Any CPU.Build.0 = Debug|Any CPU
		{347083BC-00B3-4BDD-AEEA-17E72F213AD4}.Release|Any CPU.ActiveCfg = Release|Any CPU
		{347083BC-00B3-4BDD-AEEA-17E72F213AD4}.Release|Any CPU.Build.0 = Release|Any CPU
	EndGlobalSection
EndGlobal
