
Microsoft Visual Studio Solution File, Format Version 11.00
# Visual Studio 2010
Project("{FAE04EC0-301F-11D3-BF4B-00C04F79EFBC}") = "SimpleContactForm", "SimpleContactForm\SimpleContactForm.csproj", "{FA818197-F06C-42FE-8B8C-F108ED047EDA}"
EndProject
Global
	GlobalSection(SolutionConfigurationPlatforms) = preSolution
		Debug|x86 = Debug|x86
		Release|x86 = Release|x86
	EndGlobalSection
	GlobalSection(ProjectConfigurationPlatforms) = postSolution
		{FA818197-F06C-42FE-8B8C-F108ED047EDA}.Debug|x86.ActiveCfg = Debug|x86
		{FA818197-F06C-42FE-8B8C-F108ED047EDA}.Debug|x86.Build.0 = Debug|x86
		{FA818197-F06C-42FE-8B8C-F108ED047EDA}.Release|x86.ActiveCfg = Release|x86
		{FA818197-F06C-42FE-8B8C-F108ED047EDA}.Release|x86.Build.0 = Release|x86
	EndGlobalSection
	GlobalSection(SolutionProperties) = preSolution
		HideSolutionNode = FALSE
	EndGlobalSection
EndGlobal
