
Microsoft Visual Studio Solution File, Format Version 11.00
# Visual Studio 2010
Project("{FAE04EC0-301F-11D3-BF4B-00C04F79EFBC}") = "FontViewer", "FontViewer\FontViewer.csproj", "{9FC97243-6AA6-45A9-8B7B-6A504A32014A}"
EndProject
Global
	GlobalSection(SolutionConfigurationPlatforms) = preSolution
		Debug|x86 = Debug|x86
		Release|x86 = Release|x86
	EndGlobalSection
	GlobalSection(ProjectConfigurationPlatforms) = postSolution
		{9FC97243-6AA6-45A9-8B7B-6A504A32014A}.Debug|x86.ActiveCfg = Debug|x86
		{9FC97243-6AA6-45A9-8B7B-6A504A32014A}.Debug|x86.Build.0 = Debug|x86
		{9FC97243-6AA6-45A9-8B7B-6A504A32014A}.Release|x86.ActiveCfg = Release|x86
		{9FC97243-6AA6-45A9-8B7B-6A504A32014A}.Release|x86.Build.0 = Release|x86
	EndGlobalSection
	GlobalSection(SolutionProperties) = preSolution
		HideSolutionNode = FALSE
	EndGlobalSection
EndGlobal
